
Microsoft Visual Studio Solution File, Format Version 12.00
# Visual Studio Version 17
VisualStudioVersion = 17.4.33122.133
MinimumVisualStudioVersion = 10.0.40219.1
Project("{9A19103F-16F7-4668-BE54-9A1E7A4F7556}") = "ConsoleTeste", "ConsoleTeste\ConsoleTeste.csproj", "{5870B480-1323-430F-B273-73870F2F8CAF}"
EndProject
Global
	GlobalSection(SolutionConfigurationPlatforms) = preSolution
		Debug|Any CPU = Debug|Any CPU
		Release|Any CPU = Release|Any CPU
	EndGlobalSection
	GlobalSection(ProjectConfigurationPlatforms) = postSolution
		{5870B480-1323-430F-B273-73870F2F8CAF}.Debug|Any CPU.ActiveCfg = Debug|Any CPU
		{5870B480-1323-430F-B273-73870F2F8CAF}.Debug|Any CPU.Build.0 = Debug|Any CPU
		{5870B480-1323-430F-B273-73870F2F8CAF}.Release|Any CPU.ActiveCfg = Release|Any CPU
		{5870B480-1323-430F-B273-73870F2F8CAF}.Release|Any CPU.Build.0 = Release|Any CPU
	EndGlobalSection
	GlobalSection(SolutionProperties) = preSolution
		HideSolutionNode = FALSE
	EndGlobalSection
	GlobalSection(ExtensibilityGlobals) = postSolution
		SolutionGuid = {598A1128-A6F7-415F-89B6-A6FFD94C978C}
	EndGlobalSection
EndGlobal
